
Microsoft Visual Studio Solution File, Format Version 12.00
# Visual Studio Version 16
VisualStudioVersion = 16.0.29613.14
MinimumVisualStudioVersion = 10.0.40219.1
Project("{FAE04EC0-301F-11D3-BF4B-00C04F79EFBC}") = "WebUI", "Thesis\WebUI.csproj", "{A6FA6FFE-4FBD-4B15-80AE-26D465834BCC}"
EndProject
Project("{FAE04EC0-301F-11D3-BF4B-00C04F79EFBC}") = "Application", "Application\Application.csproj", "{9526F751-DD74-4FBC-8290-147BCC72208B}"
EndProject
Project("{FAE04EC0-301F-11D3-BF4B-00C04F79EFBC}") = "Domain", "Domain\Domain.csproj", "{FA175406-AE5F-4BFB-952E-A256A9F0E8F6}"
EndProject
Project("{FAE04EC0-301F-11D3-BF4B-00C04F79EFBC}") = "Infrastructure", "Infrastructure\Infrastructure.csproj", "{6558A222-AFF1-428D-97FE-913E1491132E}"
EndProject
Global
	GlobalSection(SolutionConfigurationPlatforms) = preSolution
		Debug|Any CPU = Debug|Any CPU
		Release|Any CPU = Release|Any CPU
	EndGlobalSection
	GlobalSection(ProjectConfigurationPlatforms) = postSolution
		{A6FA6FFE-4FBD-4B15-80AE-26D465834BCC}.Debug|Any CPU.ActiveCfg = Debug|Any CPU
		{A6FA6FFE-4FBD-4B15-80AE-26D465834BCC}.Debug|Any CPU.Build.0 = Debug|Any CPU
		{A6FA6FFE-4FBD-4B15-80AE-26D465834BCC}.Release|Any CPU.ActiveCfg = Release|Any CPU
		{A6FA6FFE-4FBD-4B15-80AE-26D465834BCC}.Release|Any CPU.Build.0 = Release|Any CPU
		{9526F751-DD74-4FBC-8290-147BCC72208B}.Debug|Any CPU.ActiveCfg = Debug|Any CPU
		{9526F751-DD74-4FBC-8290-147BCC72208B}.Debug|Any CPU.Build.0 = Debug|Any CPU
		{9526F751-DD74-4FBC-8290-147BCC72208B}.Release|Any CPU.ActiveCfg = Release|Any CPU
		{9526F751-DD74-4FBC-8290-147BCC72208B}.Release|Any CPU.Build.0 = Release|Any CPU
		{FA175406-AE5F-4BFB-952E-A256A9F0E8F6}.Debug|Any CPU.ActiveCfg = Debug|Any CPU
		{FA175406-AE5F-4BFB-952E-A256A9F0E8F6}.Debug|Any CPU.Build.0 = Debug|Any CPU
		{FA175406-AE5F-4BFB-952E-A256A9F0E8F6}.Release|Any CPU.ActiveCfg = Release|Any CPU
		{FA175406-AE5F-4BFB-952E-A256A9F0E8F6}.Release|Any CPU.Build.0 = Release|Any CPU
		{6558A222-AFF1-428D-97FE-913E1491132E}.Debug|Any CPU.ActiveCfg = Debug|Any CPU
		{6558A222-AFF1-428D-97FE-913E1491132E}.Debug|Any CPU.Build.0 = Debug|Any CPU
		{6558A222-AFF1-428D-97FE-913E1491132E}.Release|Any CPU.ActiveCfg = Release|Any CPU
		{6558A222-AFF1-428D-97FE-913E1491132E}.Release|Any CPU.Build.0 = Release|Any CPU
	EndGlobalSection
	GlobalSection(SolutionProperties) = preSolution
		HideSolutionNode = FALSE
	EndGlobalSection
	GlobalSection(ExtensibilityGlobals) = postSolution
		SolutionGuid = {A518ECF2-ED5A-4395-8EA8-621A980A08FA}
	EndGlobalSection
EndGlobal
