
Microsoft Visual Studio Solution File, Format Version 12.00
# Visual Studio Version 16
VisualStudioVersion = 16.0.29613.14
MinimumVisualStudioVersion = 10.0.40219.1
Project("{9A19103F-16F7-4668-BE54-9A1E7A4F7556}") = "Application", "Application\Application.csproj", "{9526F751-DD74-4FBC-8290-147BCC72208B}"
EndProject
Project("{9A19103F-16F7-4668-BE54-9A1E7A4F7556}") = "Domain", "Domain\Domain.csproj", "{FA175406-AE5F-4BFB-952E-A256A9F0E8F6}"
EndProject
Project("{9A19103F-16F7-4668-BE54-9A1E7A4F7556}") = "Infrastructure", "Infrastructure\Infrastructure.csproj", "{6558A222-AFF1-428D-97FE-913E1491132E}"
EndProject
Project("{9A19103F-16F7-4668-BE54-9A1E7A4F7556}") = "WebUI", "WebUI\WebUI.csproj", "{62431867-1153-4558-B9A3-6125B7F16AF3}"
EndProject
Global
	GlobalSection(SolutionConfigurationPlatforms) = preSolution
		Debug|Any CPU = Debug|Any CPU
		Release|Any CPU = Release|Any CPU
	EndGlobalSection
	GlobalSection(ProjectConfigurationPlatforms) = postSolution
		{9526F751-DD74-4FBC-8290-147BCC72208B}.Debug|Any CPU.ActiveCfg = Debug|Any CPU
		{9526F751-DD74-4FBC-8290-147BCC72208B}.Debug|Any CPU.Build.0 = Debug|Any CPU
		{9526F751-DD74-4FBC-8290-147BCC72208B}.Release|Any CPU.ActiveCfg = Release|Any CPU
		{9526F751-DD74-4FBC-8290-147BCC72208B}.Release|Any CPU.Build.0 = Release|Any CPU
		{FA175406-AE5F-4BFB-952E-A256A9F0E8F6}.Debug|Any CPU.ActiveCfg = Debug|Any CPU
		{FA175406-AE5F-4BFB-952E-A256A9F0E8F6}.Debug|Any CPU.Build.0 = Debug|Any CPU
		{FA175406-AE5F-4BFB-952E-A256A9F0E8F6}.Release|Any CPU.ActiveCfg = Release|Any CPU
		{FA175406-AE5F-4BFB-952E-A256A9F0E8F6}.Release|Any CPU.Build.0 = Release|Any CPU
		{6558A222-AFF1-428D-97FE-913E1491132E}.Debug|Any CPU.ActiveCfg = Debug|Any CPU
		{6558A222-AFF1-428D-97FE-913E1491132E}.Debug|Any CPU.Build.0 = Debug|Any CPU
		{6558A222-AFF1-428D-97FE-913E1491132E}.Release|Any CPU.ActiveCfg = Release|Any CPU
		{6558A222-AFF1-428D-97FE-913E1491132E}.Release|Any CPU.Build.0 = Release|Any CPU
		{62431867-1153-4558-B9A3-6125B7F16AF3}.Debug|Any CPU.ActiveCfg = Debug|Any CPU
		{62431867-1153-4558-B9A3-6125B7F16AF3}.Debug|Any CPU.Build.0 = Debug|Any CPU
		{62431867-1153-4558-B9A3-6125B7F16AF3}.Release|Any CPU.ActiveCfg = Release|Any CPU
		{62431867-1153-4558-B9A3-6125B7F16AF3}.Release|Any CPU.Build.0 = Release|Any CPU
	EndGlobalSection
	GlobalSection(SolutionProperties) = preSolution
		HideSolutionNode = FALSE
	EndGlobalSection
	GlobalSection(ExtensibilityGlobals) = postSolution
		SolutionGuid = {A518ECF2-ED5A-4395-8EA8-621A980A08FA}
	EndGlobalSection
EndGlobal
